
Microsoft Visual Studio Solution File, Format Version 12.00
# Visual Studio 2013
VisualStudioVersion = 12.0.31101.0
MinimumVisualStudioVersion = 10.0.40219.1
Project("{FAE04EC0-301F-11D3-BF4B-00C04F79EFBC}") = "Triangles", "Triangles\Triangles.csproj", "{201CCD48-F1F1-4AA5-B9A3-92BFAEF3C6A8}"
EndProject
Project("{2150E333-8FDC-42A3-9474-1A3956D46DE8}") = ".nuget", ".nuget", "{288C288A-4769-4A6F-9A28-EBA68F76D934}"
	ProjectSection(SolutionItems) = preProject
		.nuget\packages.config = .nuget\packages.config
	EndProjectSection
EndProject
Global
	GlobalSection(SolutionConfigurationPlatforms) = preSolution
		Debug|Any CPU = Debug|Any CPU
		Release|Any CPU = Release|Any CPU
	EndGlobalSection
	GlobalSection(ProjectConfigurationPlatforms) = postSolution
		{201CCD48-F1F1-4AA5-B9A3-92BFAEF3C6A8}.Debug|Any CPU.ActiveCfg = Debug|Any CPU
		{201CCD48-F1F1-4AA5-B9A3-92BFAEF3C6A8}.Debug|Any CPU.Build.0 = Debug|Any CPU
		{201CCD48-F1F1-4AA5-B9A3-92BFAEF3C6A8}.Release|Any CPU.ActiveCfg = Release|Any CPU
		{201CCD48-F1F1-4AA5-B9A3-92BFAEF3C6A8}.Release|Any CPU.Build.0 = Release|Any CPU
	EndGlobalSection
	GlobalSection(SolutionProperties) = preSolution
		HideSolutionNode = FALSE
	EndGlobalSection
EndGlobal
